<?xml version="1.0" encoding="utf-8"?>
<Project ToolsVersion="4.0" xmlns="http://schemas.microsoft.com/developer/msbuild/2003">
  <ItemGroup>
    <Filter Include="Source Files">
      <UniqueIdentifier>{4FC737F1-C7A5-4376-A066-2A32D752A2FF}</UniqueIdentifier>
      <Extensions>qml;cpp;c;cc;cxx;def;odl;idl;hpj;bat;asm;asmx</Extensions>
    </Filter>
    <Filter Include="Header Files">
      <UniqueIdentifier>{93995380-89BD-4b04-88EB-625FBE52EBFB}</UniqueIdentifier>
      <Extensions>h;hh;hpp;hxx;hm;inl;inc;xsd</Extensions>
    </Filter>
    <Filter Include="Resource Files">
      <UniqueIdentifier>{67DA6AB6-F800-4c08-8B7A-83BB121AAD01}</UniqueIdentifier>
      <Extensions>qrc;rc;ico;cur;bmp;dlg;rc2;rct;bin;rgs;gif;jpg;jpeg;jpe;resx;tiff;tif;png;wav;mfcribbon-ms</Extensions>
    </Filter>
    <Filter Include="Form Files">
      <UniqueIdentifier>{99349809-55BA-4b9d-BF79-8FDBB0286EB3}</UniqueIdentifier>
      <Extensions>ui</Extensions>
    </Filter>
    <Filter Include="Translation Files">
      <UniqueIdentifier>{639EADAA-A684-42e4-A9AD-28FC9BCB8F7C}</UniqueIdentifier>
      <Extensions>ts</Extensions>
    </Filter>
    <Filter Include="Header Files\camera">
      <UniqueIdentifier>{c1ba2616-cbc0-4c55-b241-51325cc2a577}</UniqueIdentifier>
    </Filter>
    <Filter Include="Source Files\camera">
      <UniqueIdentifier>{06002238-b669-4217-b2f9-72117d709c2f}</UniqueIdentifier>
    </Filter>
  </ItemGroup>
  <ItemGroup>
    <ClInclude Include="device_camera_global.h">
      <Filter>Header Files</Filter>
    </ClInclude>
    <ClCompile Include="interface_camera.cpp">
      <Filter>Source Files</Filter>
    </ClCompile>
    <ClInclude Include="camera_factory.h">
      <Filter>Header Files</Filter>
    </ClInclude>
    <ClInclude Include="camera_dvp2.h">
      <Filter>Header Files\camera</Filter>
    </ClInclude>
  </ItemGroup>
  <ItemGroup>
    <ClCompile Include="camera_factory.cpp">
      <Filter>Source Files</Filter>
    </ClCompile>
    <ClCompile Include="camera_dvp2.cpp">
      <Filter>Source Files\camera</Filter>
    </ClCompile>
    <ClCompile Include="grab_worker.cpp">
      <Filter>Source Files</Filter>
    </ClCompile>
  </ItemGroup>
  <ItemGroup>
    <QtMoc Include="grab_worker.h">
      <Filter>Header Files</Filter>
    </QtMoc>
    <QtMoc Include="interface_camera.h">
      <Filter>Header Files</Filter>
    </QtMoc>
  </ItemGroup>
</Project>